{
  "version": 4,
  "terraform_version": "1.3.1",
  "serial": 21,
  "lineage": "43d8b39b-7c29-9684-4abf-da992b065709",
  "outputs": {},
  "resources": [
    {
      "mode": "data",
      "type": "archive_file",
      "name": "zip_the_exportpy_code",
      "provider": "provider[\"registry.terraform.io/hashicorp/archive\"]",
      "instances": [
        {
          "schema_version": 0,
          "attributes": {
            "excludes": null,
            "id": "5a20f970191cae50edd5c6b9c55b7176da3432e2",
            "output_base64sha256": "WRkPn5gDNKqtNLmHAFN/S5hBpsGH+o6eAD2c6qo2PdE=",
            "output_file_mode": null,
            "output_md5": "c8ed55320ec160589bb9a5fa7a823431",
            "output_path": "export.zip",
            "output_sha": "5a20f970191cae50edd5c6b9c55b7176da3432e2",
            "output_size": 786,
            "source": [],
            "source_content": null,
            "source_content_filename": null,
            "source_dir": null,
            "source_file": "./export.py",
            "type": "zip"
          },
          "sensitive_attributes": []
        }
      ]
    },
    {
      "mode": "managed",
      "type": "aws_lambda_function",
      "name": "export_function",
      "provider": "provider[\"registry.terraform.io/hashicorp/aws\"]",
      "instances": [
        {
          "schema_version": 0,
          "attributes": {
            "architectures": [
              "x86_64"
            ],
            "arn": "arn:aws:lambda:eu-central-1:711328479423:function:export_table_to_s3",
            "code_signing_config_arn": "",
            "dead_letter_config": [],
            "description": "",
            "environment": [
              {
                "variables": {
                  "RDS_DATABASE": "d2b_assessment",
                  "RDS_HOST": "d2b-internal-assessment-dwh.cxeuj0ektqdz.eu-central-1.rds.amazonaws.com",
                  "RDS_PASSWORD": "kBVtydZRpe",
                  "RDS_USER": "nasibell8682",
                  "S3_BUCKET": "d2b-internal-assessment-bucket"
                }
              }
            ],
            "ephemeral_storage": [
              {
                "size": 512
              }
            ],
            "file_system_config": [],
            "filename": "export.zip",
            "function_name": "export_table_to_s3",
            "handler": "export.export_table_to_s3",
            "id": "export_table_to_s3",
            "image_config": [],
            "image_uri": "",
            "invoke_arn": "arn:aws:apigateway:eu-central-1:lambda:path/2015-03-31/functions/arn:aws:lambda:eu-central-1:711328479423:function:export_table_to_s3/invocations",
            "kms_key_arn": "",
            "last_modified": "2023-01-07T17:05:34.949+0000",
            "layers": null,
            "memory_size": 128,
            "package_type": "Zip",
            "publish": false,
            "qualified_arn": "arn:aws:lambda:eu-central-1:711328479423:function:export_table_to_s3:$LATEST",
            "qualified_invoke_arn": "arn:aws:apigateway:eu-central-1:lambda:path/2015-03-31/functions/arn:aws:lambda:eu-central-1:711328479423:function:export_table_to_s3:$LATEST/invocations",
            "reserved_concurrent_executions": -1,
            "role": "arn:aws:iam::711328479423:role/lambda_export_role",
            "runtime": "python3.9",
            "s3_bucket": null,
            "s3_key": null,
            "s3_object_version": null,
            "signing_job_arn": "",
            "signing_profile_version_arn": "",
            "snap_start": [],
            "source_code_hash": "WRkPn5gDNKqtNLmHAFN/S5hBpsGH+o6eAD2c6qo2PdE=",
            "source_code_size": 786,
            "tags": null,
            "tags_all": {},
            "timeout": 3,
            "timeouts": null,
            "tracing_config": [
              {
                "mode": "PassThrough"
              }
            ],
            "version": "$LATEST",
            "vpc_config": []
          },
          "sensitive_attributes": [],
          "private": "eyJlMmJmYjczMC1lY2FhLTExZTYtOGY4OC0zNDM2M2JjN2M0YzAiOnsiY3JlYXRlIjo2MDAwMDAwMDAwMDB9fQ=="
        }
      ]
    }
  ],
  "check_results": []
}
